
Microsoft Visual Studio Solution File, Format Version 12.00
Project("{FAE04EC0-301F-11D3-BF4B-00C04F79EFBC}") = "Redbone", "Redbone\Redbone.csproj", "{CD74CD9A-A2FA-4113-B9DF-8582B382D263}"
EndProject
Global
	GlobalSection(SolutionConfigurationPlatforms) = preSolution
		Debug|Any CPU = Debug|Any CPU
		Release|Any CPU = Release|Any CPU
	EndGlobalSection
	GlobalSection(ProjectConfigurationPlatforms) = postSolution
		{CD74CD9A-A2FA-4113-B9DF-8582B382D263}.Debug|Any CPU.ActiveCfg = Debug|Any CPU
		{CD74CD9A-A2FA-4113-B9DF-8582B382D263}.Debug|Any CPU.Build.0 = Debug|Any CPU
		{CD74CD9A-A2FA-4113-B9DF-8582B382D263}.Release|Any CPU.ActiveCfg = Release|Any CPU
		{CD74CD9A-A2FA-4113-B9DF-8582B382D263}.Release|Any CPU.Build.0 = Release|Any CPU
	EndGlobalSection
EndGlobal
